PODS:
  - BSGridCollectionViewLayout (1.2.1)
  - BSImagePicker (2.8.0):
    - BSGridCollectionViewLayout (~> 1.2.0)
    - BSImageView (~> 1.0.0)
  - BSImageView (1.0.0)
  - Flutter (1.0.0)
  - multi_image_picker (2.1.22):
    - BSImagePicker (~> 2.8)
    - Flutter

DEPENDENCIES:
  - Flutter (from `.symlinks/flutter/ios`)
  - multi_image_picker (from `.symlinks/plugins/multi_image_picker/ios`)

SPEC REPOS:
  https://github.com/cocoapods/specs.git:
    - BSGridCollectionViewLayout
    - BSImagePicker
    - BSImageView

EXTERNAL SOURCES:
  Flutter:
    :path: ".symlinks/flutter/ios"
  multi_image_picker:
    :path: ".symlinks/plugins/multi_image_picker/ios"

SPEC CHECKSUMS:
  BSGridCollectionViewLayout: 1a7d6f30517d3c9d181774bc74be4dfcab7b8115
  BSImagePicker: b06623bd22f1941bbb04168426b95d38017e3081
  BSImageView: ed9c50d917111d8cac66c21c5a41c03f57908819
  Flutter: 58dd7d1b27887414a370fcccb9e645c08ffd7a6a
  multi_image_picker: d6218e14fc4bb41d1b96e56bec591b7bc256e599

PODFILE CHECKSUM: ec81a62fe73c7b29f2764dd3fe8c221958ac6739

COCOAPODS: 1.7.3
